
Microsoft Visual Studio Solution File, Format Version 12.00
# Visual Studio Version 16
VisualStudioVersion = 25.0.1705.3
MinimumVisualStudioVersion = 10.0.40219.1
Project("{FAE04EC0-301F-11D3-BF4B-00C04F79EFBC}") = "IFN563_Ass2_v8_Sue", "IFN563_Ass2_v8_Sue\IFN563_Ass2_v8_Sue.csproj", "{C45EF593-AE61-414E-B9F0-208A801F684B}"
EndProject
Global
	GlobalSection(SolutionConfigurationPlatforms) = preSolution
		Debug|Any CPU = Debug|Any CPU
		Release|Any CPU = Release|Any CPU
	EndGlobalSection
	GlobalSection(ProjectConfigurationPlatforms) = postSolution
		{C45EF593-AE61-414E-B9F0-208A801F684B}.Debug|Any CPU.ActiveCfg = Debug|Any CPU
		{C45EF593-AE61-414E-B9F0-208A801F684B}.Debug|Any CPU.Build.0 = Debug|Any CPU
		{C45EF593-AE61-414E-B9F0-208A801F684B}.Release|Any CPU.ActiveCfg = Release|Any CPU
		{C45EF593-AE61-414E-B9F0-208A801F684B}.Release|Any CPU.Build.0 = Release|Any CPU
	EndGlobalSection
	GlobalSection(SolutionProperties) = preSolution
		HideSolutionNode = FALSE
	EndGlobalSection
	GlobalSection(ExtensibilityGlobals) = postSolution
		SolutionGuid = {AC8182D0-EDA2-49C0-89E8-B12601190F7B}
	EndGlobalSection
EndGlobal
